
Microsoft Visual Studio Solution File, Format Version 12.00
# Visual Studio Version 16
VisualStudioVersion = 16.0.30320.27
MinimumVisualStudioVersion = 10.0.40219.1
Project("{FAE04EC0-301F-11D3-BF4B-00C04F79EFBC}") = "Business", "Business\Business.csproj", "{6B988E16-22DD-4849-AAB4-6A798947AA55}"
EndProject
Project("{2150E333-8FDC-42A3-9474-1A3956D46DE8}") = "Camadas", "Camadas", "{59C3717D-38E6-4594-8ED7-5B998E359747}"
EndProject
Project("{FAE04EC0-301F-11D3-BF4B-00C04F79EFBC}") = "DataBase", "DataBase\DataBase.csproj", "{E3ECAE7A-98A2-429D-B23F-FDBD717D98E8}"
EndProject
Project("{FAE04EC0-301F-11D3-BF4B-00C04F79EFBC}") = "API", "API\API.csproj", "{A05545FC-E8FE-4260-ACA2-24BED53D6985}"
EndProject
Project("{FAE04EC0-301F-11D3-BF4B-00C04F79EFBC}") = "DTO", "DTO\DTO.csproj", "{5D50E998-FE48-4A30-A2F2-FD06F9B1E6CB}"
EndProject
Project("{FAE04EC0-301F-11D3-BF4B-00C04F79EFBC}") = "Front", "Front\Front.csproj", "{5E8F1073-6510-4239-908A-40446582E37F}"
EndProject
Project("{2150E333-8FDC-42A3-9474-1A3956D46DE8}") = "Librarys", "Librarys", "{B25725B1-B63E-4DA0-8661-86838D20D40B}"
EndProject
Project("{FAE04EC0-301F-11D3-BF4B-00C04F79EFBC}") = "BookSystemException", "BookSystemException\BookSystemException.csproj", "{6D0C518D-D128-4E52-8C56-E37D1AF88F66}"
EndProject
Global
	GlobalSection(SolutionConfigurationPlatforms) = preSolution
		Debug|Any CPU = Debug|Any CPU
		Release|Any CPU = Release|Any CPU
	EndGlobalSection
	GlobalSection(ProjectConfigurationPlatforms) = postSolution
		{6B988E16-22DD-4849-AAB4-6A798947AA55}.Debug|Any CPU.ActiveCfg = Debug|Any CPU
		{6B988E16-22DD-4849-AAB4-6A798947AA55}.Debug|Any CPU.Build.0 = Debug|Any CPU
		{6B988E16-22DD-4849-AAB4-6A798947AA55}.Release|Any CPU.ActiveCfg = Release|Any CPU
		{6B988E16-22DD-4849-AAB4-6A798947AA55}.Release|Any CPU.Build.0 = Release|Any CPU
		{E3ECAE7A-98A2-429D-B23F-FDBD717D98E8}.Debug|Any CPU.ActiveCfg = Debug|Any CPU
		{E3ECAE7A-98A2-429D-B23F-FDBD717D98E8}.Debug|Any CPU.Build.0 = Debug|Any CPU
		{E3ECAE7A-98A2-429D-B23F-FDBD717D98E8}.Release|Any CPU.ActiveCfg = Release|Any CPU
		{E3ECAE7A-98A2-429D-B23F-FDBD717D98E8}.Release|Any CPU.Build.0 = Release|Any CPU
		{A05545FC-E8FE-4260-ACA2-24BED53D6985}.Debug|Any CPU.ActiveCfg = Debug|Any CPU
		{A05545FC-E8FE-4260-ACA2-24BED53D6985}.Debug|Any CPU.Build.0 = Debug|Any CPU
		{A05545FC-E8FE-4260-ACA2-24BED53D6985}.Release|Any CPU.ActiveCfg = Release|Any CPU
		{A05545FC-E8FE-4260-ACA2-24BED53D6985}.Release|Any CPU.Build.0 = Release|Any CPU
		{5D50E998-FE48-4A30-A2F2-FD06F9B1E6CB}.Debug|Any CPU.ActiveCfg = Debug|Any CPU
		{5D50E998-FE48-4A30-A2F2-FD06F9B1E6CB}.Debug|Any CPU.Build.0 = Debug|Any CPU
		{5D50E998-FE48-4A30-A2F2-FD06F9B1E6CB}.Release|Any CPU.ActiveCfg = Release|Any CPU
		{5D50E998-FE48-4A30-A2F2-FD06F9B1E6CB}.Release|Any CPU.Build.0 = Release|Any CPU
		{5E8F1073-6510-4239-908A-40446582E37F}.Debug|Any CPU.ActiveCfg = Debug|Any CPU
		{5E8F1073-6510-4239-908A-40446582E37F}.Debug|Any CPU.Build.0 = Debug|Any CPU
		{5E8F1073-6510-4239-908A-40446582E37F}.Release|Any CPU.ActiveCfg = Release|Any CPU
		{5E8F1073-6510-4239-908A-40446582E37F}.Release|Any CPU.Build.0 = Release|Any CPU
		{6D0C518D-D128-4E52-8C56-E37D1AF88F66}.Debug|Any CPU.ActiveCfg = Debug|Any CPU
		{6D0C518D-D128-4E52-8C56-E37D1AF88F66}.Debug|Any CPU.Build.0 = Debug|Any CPU
		{6D0C518D-D128-4E52-8C56-E37D1AF88F66}.Release|Any CPU.ActiveCfg = Release|Any CPU
		{6D0C518D-D128-4E52-8C56-E37D1AF88F66}.Release|Any CPU.Build.0 = Release|Any CPU
	EndGlobalSection
	GlobalSection(SolutionProperties) = preSolution
		HideSolutionNode = FALSE
	EndGlobalSection
	GlobalSection(NestedProjects) = preSolution
		{6B988E16-22DD-4849-AAB4-6A798947AA55} = {59C3717D-38E6-4594-8ED7-5B998E359747}
		{E3ECAE7A-98A2-429D-B23F-FDBD717D98E8} = {59C3717D-38E6-4594-8ED7-5B998E359747}
		{5D50E998-FE48-4A30-A2F2-FD06F9B1E6CB} = {59C3717D-38E6-4594-8ED7-5B998E359747}
		{6D0C518D-D128-4E52-8C56-E37D1AF88F66} = {B25725B1-B63E-4DA0-8661-86838D20D40B}
	EndGlobalSection
	GlobalSection(ExtensibilityGlobals) = postSolution
		SolutionGuid = {7B8B09AD-6521-448E-9B35-CD4697FAE977}
	EndGlobalSection
EndGlobal
